{
  "version": 4,
  "terraform_version": "1.12.2",
  "serial": 140,
  "lineage": "805188b6-49d6-1fcc-84e8-502f6c81c1d8",
  "outputs": {
    "droplet_ip": {
      "value": [
        "165.22.44.190",
        "68.183.51.84",
        "104.131.86.25",
        "138.197.105.152"
      ],
      "type": [
        "tuple",
        [
          "string",
          "string",
          "string",
          "string"
        ]
      ]
    }
  },
  "resources": [
    {
      "mode": "managed",
      "type": "digitalocean_droplet",
      "name": "k8s_node1",
      "provider": "provider[\"registry.terraform.io/digitalocean/digitalocean\"]",
      "instances": [
        {
          "schema_version": 1,
          "attributes": {
            "backup_policy": [],
            "backups": false,
            "created_at": "2025-06-27T17:58:11Z",
            "disk": 50,
            "droplet_agent": null,
            "graceful_shutdown": false,
            "id": "504763882",
            "image": "ubuntu-22-04-x64",
            "ipv4_address": "165.22.44.190",
            "ipv4_address_private": "10.108.0.7",
            "ipv6": false,
            "ipv6_address": "",
            "locked": false,
            "memory": 2048,
            "monitoring": false,
            "name": "k8s-node1",
            "price_hourly": 0.01786,
            "price_monthly": 12,
            "private_networking": true,
            "region": "nyc3",
            "resize_disk": true,
            "size": "s-1vcpu-2gb",
            "ssh_keys": [
              "2f:b6:05:ca:13:f0:09:7f:5a:ae:40:3a:4c:a2:11:1e"
            ],
            "status": "active",
            "tags": [],
            "timeouts": null,
            "urn": "do:droplet:504763882",
            "user_data": null,
            "vcpus": 1,
            "volume_ids": [],
            "vpc_uuid": "0060a5da-47e0-4844-abbf-b31bad8194c6"
          },
          "sensitive_attributes": [],
          "identity_schema_version": 0,
          "private": "eyJlMmJmYjczMC1lY2FhLTExZTYtOGY4OC0zNDM2M2JjN2M0YzAiOnsiY3JlYXRlIjozNjAwMDAwMDAwMDAwLCJkZWxldGUiOjYwMDAwMDAwMDAwLCJ1cGRhdGUiOjM2MDAwMDAwMDAwMDB9LCJzY2hlbWFfdmVyc2lvbiI6IjEifQ=="
        }
      ]
    },
    {
      "mode": "managed",
      "type": "digitalocean_droplet",
      "name": "k8s_node2",
      "provider": "provider[\"registry.terraform.io/digitalocean/digitalocean\"]",
      "instances": [
        {
          "schema_version": 1,
          "attributes": {
            "backup_policy": [],
            "backups": false,
            "created_at": "2025-06-27T17:58:11Z",
            "disk": 50,
            "droplet_agent": null,
            "graceful_shutdown": false,
            "id": "504763885",
            "image": "ubuntu-22-04-x64",
            "ipv4_address": "68.183.51.84",
            "ipv4_address_private": "10.108.0.6",
            "ipv6": false,
            "ipv6_address": "",
            "locked": false,
            "memory": 2048,
            "monitoring": false,
            "name": "k8s-node2",
            "price_hourly": 0.01786,
            "price_monthly": 12,
            "private_networking": true,
            "region": "nyc3",
            "resize_disk": true,
            "size": "s-1vcpu-2gb",
            "ssh_keys": [
              "2f:b6:05:ca:13:f0:09:7f:5a:ae:40:3a:4c:a2:11:1e"
            ],
            "status": "active",
            "tags": [],
            "timeouts": null,
            "urn": "do:droplet:504763885",
            "user_data": null,
            "vcpus": 1,
            "volume_ids": [],
            "vpc_uuid": "0060a5da-47e0-4844-abbf-b31bad8194c6"
          },
          "sensitive_attributes": [],
          "identity_schema_version": 0,
          "private": "eyJlMmJmYjczMC1lY2FhLTExZTYtOGY4OC0zNDM2M2JjN2M0YzAiOnsiY3JlYXRlIjozNjAwMDAwMDAwMDAwLCJkZWxldGUiOjYwMDAwMDAwMDAwLCJ1cGRhdGUiOjM2MDAwMDAwMDAwMDB9LCJzY2hlbWFfdmVyc2lvbiI6IjEifQ=="
        }
      ]
    },
    {
      "mode": "managed",
      "type": "digitalocean_droplet",
      "name": "k8s_node3",
      "provider": "provider[\"registry.terraform.io/digitalocean/digitalocean\"]",
      "instances": [
        {
          "schema_version": 1,
          "attributes": {
            "backup_policy": [],
            "backups": false,
            "created_at": "2025-06-27T17:58:11Z",
            "disk": 50,
            "droplet_agent": null,
            "graceful_shutdown": false,
            "id": "504763883",
            "image": "ubuntu-22-04-x64",
            "ipv4_address": "104.131.86.25",
            "ipv4_address_private": "10.108.0.8",
            "ipv6": false,
            "ipv6_address": "",
            "locked": false,
            "memory": 2048,
            "monitoring": false,
            "name": "k8s-node3",
            "price_hourly": 0.01786,
            "price_monthly": 12,
            "private_networking": true,
            "region": "nyc3",
            "resize_disk": true,
            "size": "s-1vcpu-2gb",
            "ssh_keys": [
              "2f:b6:05:ca:13:f0:09:7f:5a:ae:40:3a:4c:a2:11:1e"
            ],
            "status": "active",
            "tags": [],
            "timeouts": null,
            "urn": "do:droplet:504763883",
            "user_data": null,
            "vcpus": 1,
            "volume_ids": [],
            "vpc_uuid": "0060a5da-47e0-4844-abbf-b31bad8194c6"
          },
          "sensitive_attributes": [],
          "identity_schema_version": 0,
          "private": "eyJlMmJmYjczMC1lY2FhLTExZTYtOGY4OC0zNDM2M2JjN2M0YzAiOnsiY3JlYXRlIjozNjAwMDAwMDAwMDAwLCJkZWxldGUiOjYwMDAwMDAwMDAwLCJ1cGRhdGUiOjM2MDAwMDAwMDAwMDB9LCJzY2hlbWFfdmVyc2lvbiI6IjEifQ=="
        }
      ]
    },
    {
      "mode": "managed",
      "type": "digitalocean_droplet",
      "name": "k8s_node4",
      "provider": "provider[\"registry.terraform.io/digitalocean/digitalocean\"]",
      "instances": [
        {
          "schema_version": 1,
          "attributes": {
            "backup_policy": [],
            "backups": false,
            "created_at": "2025-06-27T17:58:11Z",
            "disk": 50,
            "droplet_agent": null,
            "graceful_shutdown": false,
            "id": "504763881",
            "image": "ubuntu-22-04-x64",
            "ipv4_address": "138.197.105.152",
            "ipv4_address_private": "10.108.0.9",
            "ipv6": false,
            "ipv6_address": "",
            "locked": false,
            "memory": 2048,
            "monitoring": false,
            "name": "k8s-node4",
            "price_hourly": 0.01786,
            "price_monthly": 12,
            "private_networking": true,
            "region": "nyc3",
            "resize_disk": true,
            "size": "s-1vcpu-2gb",
            "ssh_keys": [
              "2f:b6:05:ca:13:f0:09:7f:5a:ae:40:3a:4c:a2:11:1e"
            ],
            "status": "active",
            "tags": [],
            "timeouts": null,
            "urn": "do:droplet:504763881",
            "user_data": null,
            "vcpus": 1,
            "volume_ids": [],
            "vpc_uuid": "0060a5da-47e0-4844-abbf-b31bad8194c6"
          },
          "sensitive_attributes": [],
          "identity_schema_version": 0,
          "private": "eyJlMmJmYjczMC1lY2FhLTExZTYtOGY4OC0zNDM2M2JjN2M0YzAiOnsiY3JlYXRlIjozNjAwMDAwMDAwMDAwLCJkZWxldGUiOjYwMDAwMDAwMDAwLCJ1cGRhdGUiOjM2MDAwMDAwMDAwMDB9LCJzY2hlbWFfdmVyc2lvbiI6IjEifQ=="
        }
      ]
    }
  ],
  "check_results": null
}
