{
  "version": 4,
  "terraform_version": "1.12.2",
  "serial": 471,
  "lineage": "cff0ee26-68c5-9c41-0961-6c3b95800ad5",
  "outputs": {
    "droplet_ip": {
      "value": [
        "165.227.115.62",
        "159.203.142.199",
        "68.183.146.218",
        "162.243.186.249",
        "138.197.109.27"
      ],
      "type": [
        "tuple",
        [
          "string",
          "string",
          "string",
          "string",
          "string"
        ]
      ]
    }
  },
  "resources": [
    {
      "mode": "managed",
      "type": "digitalocean_droplet",
      "name": "k8s_node1",
      "provider": "provider[\"registry.terraform.io/digitalocean/digitalocean\"]",
      "instances": [
        {
          "schema_version": 1,
          "attributes": {
            "backup_policy": [],
            "backups": false,
            "created_at": "2025-07-25T10:58:42Z",
            "disk": 80,
            "droplet_agent": null,
            "graceful_shutdown": false,
            "id": "509911001",
            "image": "ubuntu-22-04-x64",
            "ipv4_address": "165.227.115.62",
            "ipv4_address_private": "10.108.0.5",
            "ipv6": false,
            "ipv6_address": "",
            "locked": false,
            "memory": 4096,
            "monitoring": false,
            "name": "k8s-node1",
            "price_hourly": 0.03571,
            "price_monthly": 24,
            "private_networking": true,
            "region": "nyc3",
            "resize_disk": true,
            "size": "s-2vcpu-4gb",
            "ssh_keys": [
              "2f:b6:05:ca:13:f0:09:7f:5a:ae:40:3a:4c:a2:11:1e"
            ],
            "status": "active",
            "tags": null,
            "timeouts": null,
            "urn": "do:droplet:509911001",
            "user_data": null,
            "vcpus": 2,
            "volume_ids": [],
            "vpc_uuid": "0060a5da-47e0-4844-abbf-b31bad8194c6"
          },
          "sensitive_attributes": [],
          "identity_schema_version": 0,
          "private": "eyJlMmJmYjczMC1lY2FhLTExZTYtOGY4OC0zNDM2M2JjN2M0YzAiOnsiY3JlYXRlIjozNjAwMDAwMDAwMDAwLCJkZWxldGUiOjYwMDAwMDAwMDAwLCJ1cGRhdGUiOjM2MDAwMDAwMDAwMDB9LCJzY2hlbWFfdmVyc2lvbiI6IjEifQ=="
        }
      ]
    },
    {
      "mode": "managed",
      "type": "digitalocean_droplet",
      "name": "k8s_node2",
      "provider": "provider[\"registry.terraform.io/digitalocean/digitalocean\"]",
      "instances": [
        {
          "schema_version": 1,
          "attributes": {
            "backup_policy": [],
            "backups": false,
            "created_at": "2025-07-25T10:58:41Z",
            "disk": 80,
            "droplet_agent": null,
            "graceful_shutdown": false,
            "id": "509910995",
            "image": "ubuntu-22-04-x64",
            "ipv4_address": "159.203.142.199",
            "ipv4_address_private": "10.108.0.8",
            "ipv6": false,
            "ipv6_address": "",
            "locked": false,
            "memory": 4096,
            "monitoring": false,
            "name": "k8s-node2",
            "price_hourly": 0.03571,
            "price_monthly": 24,
            "private_networking": true,
            "region": "nyc3",
            "resize_disk": true,
            "size": "s-2vcpu-4gb",
            "ssh_keys": [
              "2f:b6:05:ca:13:f0:09:7f:5a:ae:40:3a:4c:a2:11:1e"
            ],
            "status": "active",
            "tags": null,
            "timeouts": null,
            "urn": "do:droplet:509910995",
            "user_data": null,
            "vcpus": 2,
            "volume_ids": [],
            "vpc_uuid": "0060a5da-47e0-4844-abbf-b31bad8194c6"
          },
          "sensitive_attributes": [],
          "identity_schema_version": 0,
          "private": "eyJlMmJmYjczMC1lY2FhLTExZTYtOGY4OC0zNDM2M2JjN2M0YzAiOnsiY3JlYXRlIjozNjAwMDAwMDAwMDAwLCJkZWxldGUiOjYwMDAwMDAwMDAwLCJ1cGRhdGUiOjM2MDAwMDAwMDAwMDB9LCJzY2hlbWFfdmVyc2lvbiI6IjEifQ=="
        }
      ]
    },
    {
      "mode": "managed",
      "type": "digitalocean_droplet",
      "name": "k8s_node3",
      "provider": "provider[\"registry.terraform.io/digitalocean/digitalocean\"]",
      "instances": [
        {
          "schema_version": 1,
          "attributes": {
            "backup_policy": [],
            "backups": false,
            "created_at": "2025-07-25T10:58:41Z",
            "disk": 80,
            "droplet_agent": null,
            "graceful_shutdown": false,
            "id": "509910998",
            "image": "ubuntu-22-04-x64",
            "ipv4_address": "68.183.146.218",
            "ipv4_address_private": "10.108.0.7",
            "ipv6": false,
            "ipv6_address": "",
            "locked": false,
            "memory": 4096,
            "monitoring": false,
            "name": "k8s-node3",
            "price_hourly": 0.03571,
            "price_monthly": 24,
            "private_networking": true,
            "region": "nyc3",
            "resize_disk": true,
            "size": "s-2vcpu-4gb",
            "ssh_keys": [
              "2f:b6:05:ca:13:f0:09:7f:5a:ae:40:3a:4c:a2:11:1e"
            ],
            "status": "active",
            "tags": null,
            "timeouts": null,
            "urn": "do:droplet:509910998",
            "user_data": null,
            "vcpus": 2,
            "volume_ids": [],
            "vpc_uuid": "0060a5da-47e0-4844-abbf-b31bad8194c6"
          },
          "sensitive_attributes": [],
          "identity_schema_version": 0,
          "private": "eyJlMmJmYjczMC1lY2FhLTExZTYtOGY4OC0zNDM2M2JjN2M0YzAiOnsiY3JlYXRlIjozNjAwMDAwMDAwMDAwLCJkZWxldGUiOjYwMDAwMDAwMDAwLCJ1cGRhdGUiOjM2MDAwMDAwMDAwMDB9LCJzY2hlbWFfdmVyc2lvbiI6IjEifQ=="
        }
      ]
    },
    {
      "mode": "managed",
      "type": "digitalocean_droplet",
      "name": "k8s_node4",
      "provider": "provider[\"registry.terraform.io/digitalocean/digitalocean\"]",
      "instances": [
        {
          "schema_version": 1,
          "attributes": {
            "backup_policy": [],
            "backups": false,
            "created_at": "2025-07-25T10:58:41Z",
            "disk": 80,
            "droplet_agent": null,
            "graceful_shutdown": false,
            "id": "509910999",
            "image": "ubuntu-22-04-x64",
            "ipv4_address": "162.243.186.249",
            "ipv4_address_private": "10.108.0.6",
            "ipv6": false,
            "ipv6_address": "",
            "locked": false,
            "memory": 4096,
            "monitoring": false,
            "name": "k8s-node4",
            "price_hourly": 0.03571,
            "price_monthly": 24,
            "private_networking": true,
            "region": "nyc3",
            "resize_disk": true,
            "size": "s-2vcpu-4gb",
            "ssh_keys": [
              "2f:b6:05:ca:13:f0:09:7f:5a:ae:40:3a:4c:a2:11:1e"
            ],
            "status": "active",
            "tags": null,
            "timeouts": null,
            "urn": "do:droplet:509910999",
            "user_data": null,
            "vcpus": 2,
            "volume_ids": [],
            "vpc_uuid": "0060a5da-47e0-4844-abbf-b31bad8194c6"
          },
          "sensitive_attributes": [],
          "identity_schema_version": 0,
          "private": "eyJlMmJmYjczMC1lY2FhLTExZTYtOGY4OC0zNDM2M2JjN2M0YzAiOnsiY3JlYXRlIjozNjAwMDAwMDAwMDAwLCJkZWxldGUiOjYwMDAwMDAwMDAwLCJ1cGRhdGUiOjM2MDAwMDAwMDAwMDB9LCJzY2hlbWFfdmVyc2lvbiI6IjEifQ=="
        }
      ]
    },
    {
      "mode": "managed",
      "type": "digitalocean_droplet",
      "name": "nfs",
      "provider": "provider[\"registry.terraform.io/digitalocean/digitalocean\"]",
      "instances": [
        {
          "schema_version": 1,
          "attributes": {
            "backup_policy": [],
            "backups": false,
            "created_at": "2025-07-25T10:58:41Z",
            "disk": 50,
            "droplet_agent": null,
            "graceful_shutdown": false,
            "id": "509910994",
            "image": "ubuntu-22-04-x64",
            "ipv4_address": "138.197.109.27",
            "ipv4_address_private": "10.108.0.9",
            "ipv6": false,
            "ipv6_address": "",
            "locked": false,
            "memory": 2048,
            "monitoring": false,
            "name": "nfs",
            "price_hourly": 0.01786,
            "price_monthly": 12,
            "private_networking": true,
            "region": "nyc3",
            "resize_disk": true,
            "size": "s-1vcpu-2gb",
            "ssh_keys": [
              "2f:b6:05:ca:13:f0:09:7f:5a:ae:40:3a:4c:a2:11:1e"
            ],
            "status": "active",
            "tags": null,
            "timeouts": null,
            "urn": "do:droplet:509910994",
            "user_data": null,
            "vcpus": 1,
            "volume_ids": [],
            "vpc_uuid": "0060a5da-47e0-4844-abbf-b31bad8194c6"
          },
          "sensitive_attributes": [],
          "identity_schema_version": 0,
          "private": "eyJlMmJmYjczMC1lY2FhLTExZTYtOGY4OC0zNDM2M2JjN2M0YzAiOnsiY3JlYXRlIjozNjAwMDAwMDAwMDAwLCJkZWxldGUiOjYwMDAwMDAwMDAwLCJ1cGRhdGUiOjM2MDAwMDAwMDAwMDB9LCJzY2hlbWFfdmVyc2lvbiI6IjEifQ=="
        }
      ]
    },
    {
      "mode": "managed",
      "type": "digitalocean_project",
      "name": "ft_transcendence-x10",
      "provider": "provider[\"registry.terraform.io/digitalocean/digitalocean\"]",
      "instances": [
        {
          "schema_version": 0,
          "attributes": {
            "created_at": "2025-07-25T10:59:13Z",
            "description": "ft_transcendence-x10 project",
            "environment": "",
            "id": "7ecbcc80-01ad-41e8-8b6c-13098ea824aa",
            "is_default": false,
            "name": "ft_transcendence-x10",
            "owner_id": 23416458,
            "owner_uuid": "0bf39ef6-19ba-4d4e-b80c-0f224cf3d349",
            "purpose": "Web Application",
            "resources": [
              "do:droplet:509910994",
              "do:droplet:509910995",
              "do:droplet:509910998",
              "do:droplet:509910999",
              "do:droplet:509911001"
            ],
            "timeouts": null,
            "updated_at": "2025-07-25T10:59:13Z"
          },
          "sensitive_attributes": [],
          "identity_schema_version": 0,
          "private": "eyJlMmJmYjczMC1lY2FhLTExZTYtOGY4OC0zNDM2M2JjN2M0YzAiOnsiZGVsZXRlIjoxODAwMDAwMDAwMDB9fQ==",
          "dependencies": [
            "digitalocean_droplet.k8s_node1",
            "digitalocean_droplet.k8s_node2",
            "digitalocean_droplet.k8s_node3",
            "digitalocean_droplet.k8s_node4",
            "digitalocean_droplet.nfs"
          ]
        }
      ]
    }
  ],
  "check_results": null
}
